
Microsoft Visual Studio Solution File, Format Version 12.00
# Visual Studio 15
VisualStudioVersion = 15.0.26730.15
MinimumVisualStudioVersion = 10.0.40219.1
Project("{FAE04EC0-301F-11D3-BF4B-00C04F79EFBC}") = "XMR-Stak GUI", "XMR-Stak GUI.csproj", "{8FA5D096-E682-4D37-A0DC-E2CD0BC61A72}"
EndProject
Global
	GlobalSection(SolutionConfigurationPlatforms) = preSolution
		Debug|Any CPU = Debug|Any CPU
		Release|Any CPU = Release|Any CPU
	EndGlobalSection
	GlobalSection(ProjectConfigurationPlatforms) = postSolution
		{8FA5D096-E682-4D37-A0DC-E2CD0BC61A72}.Debug|Any CPU.ActiveCfg = Debug|Any CPU
		{8FA5D096-E682-4D37-A0DC-E2CD0BC61A72}.Debug|Any CPU.Build.0 = Debug|Any CPU
		{8FA5D096-E682-4D37-A0DC-E2CD0BC61A72}.Release|Any CPU.ActiveCfg = Release|Any CPU
		{8FA5D096-E682-4D37-A0DC-E2CD0BC61A72}.Release|Any CPU.Build.0 = Release|Any CPU
	EndGlobalSection
	GlobalSection(SolutionProperties) = preSolution
		HideSolutionNode = FALSE
	EndGlobalSection
	GlobalSection(ExtensibilityGlobals) = postSolution
		SolutionGuid = {237AEFCE-3AC6-4974-A1B6-529E84A72732}
	EndGlobalSection
EndGlobal
